{
  "name": "conclure",
  "version": "2.2.0",
  "lockfileVersion": 2,
  "requires": true,
  "packages": {
    "": {
      "name": "conclure",
      "version": "2.2.0",
      "license": "MIT",
      "devDependencies": {
        "utap": "^0.1.2"
      }
    },
    "node_modules/chalk": {
      "version": "5.1.2",
      "resolved": "https://registry.npmjs.org/chalk/-/chalk-5.1.2.tgz",
      "integrity": "sha512-E5CkT4jWURs1Vy5qGJye+XwCkNj7Od3Af7CP6SujMetSMkLs8Do2RWJK5yx1wamHV/op8Rz+9rltjaTQWDnEFQ==",
      "dev": true,
      "engines": {
        "node": "^12.17.0 || ^14.13 || >=16.0.0"
      },
      "funding": {
        "url": "https://github.com/chalk/chalk?sponsor=1"
      }
    },
    "node_modules/utap": {
      "version": "0.1.2",
      "resolved": "https://registry.npmjs.org/utap/-/utap-0.1.2.tgz",
      "integrity": "sha512-ZkbgRBhlJzfYOQGzD4+Rd1eWQsZdyJljdNZDgHfy4Fv7y1C0bQalG3aaNTgmXsQf/vxT0LXfnu1TEUwA7HCThw==",
      "dev": true,
      "dependencies": {
        "chalk": "^5.1.2"
      },
      "bin": {
        "utap": "src/utap.js"
      }
    }
  },
  "dependencies": {
    "chalk": {
      "version": "5.1.2",
      "resolved": "https://registry.npmjs.org/chalk/-/chalk-5.1.2.tgz",
      "integrity": "sha512-E5CkT4jWURs1Vy5qGJye+XwCkNj7Od3Af7CP6SujMetSMkLs8Do2RWJK5yx1wamHV/op8Rz+9rltjaTQWDnEFQ==",
      "dev": true
    },
    "utap": {
      "version": "0.1.2",
      "resolved": "https://registry.npmjs.org/utap/-/utap-0.1.2.tgz",
      "integrity": "sha512-ZkbgRBhlJzfYOQGzD4+Rd1eWQsZdyJljdNZDgHfy4Fv7y1C0bQalG3aaNTgmXsQf/vxT0LXfnu1TEUwA7HCThw==",
      "dev": true,
      "requires": {
        "chalk": "^5.1.2"
      }
    }
  }
}
